
Microsoft Visual Studio Solution File, Format Version 12.00
# Visual Studio 14
VisualStudioVersion = 14.0.24720.0
MinimumVisualStudioVersion = 10.0.40219.1
Project("{E24C65DC-7377-472B-9ABA-BC803B73C61A}") = "App_Themes", "App_Themes", "{21F37777-2A6C-4A8A-8315-89D597A6F86E}"
	ProjectSection(WebsiteProperties) = preProject
		SccProjectName = "SAK"
		SccAuxPath = "SAK"
		SccLocalPath = "SAK"
		SccProvider = "SAK"
		TargetFrameworkMoniker = ".NETFramework,Version%3Dv4.0"
		Debug.AspNetCompiler.VirtualPath = "/localhost_19185"
		Debug.AspNetCompiler.PhysicalPath = "App_Themes\"
		Debug.AspNetCompiler.TargetPath = "PrecompiledWeb\localhost_19185\"
		Debug.AspNetCompiler.Updateable = "true"
		Debug.AspNetCompiler.ForceOverwrite = "true"
		Debug.AspNetCompiler.FixedNames = "false"
		Debug.AspNetCompiler.Debug = "True"
		Release.AspNetCompiler.VirtualPath = "/localhost_19185"
		Release.AspNetCompiler.PhysicalPath = "App_Themes\"
		Release.AspNetCompiler.TargetPath = "PrecompiledWeb\localhost_19185\"
		Release.AspNetCompiler.Updateable = "true"
		Release.AspNetCompiler.ForceOverwrite = "true"
		Release.AspNetCompiler.FixedNames = "false"
		Release.AspNetCompiler.Debug = "False"
		VWDPort = "19185"
		SlnRelativePath = "App_Themes\"
	EndProjectSection
EndProject
Global
	GlobalSection(SolutionConfigurationPlatforms) = preSolution
		Debug|Any CPU = Debug|Any CPU
	EndGlobalSection
	GlobalSection(ProjectConfigurationPlatforms) = postSolution
		{21F37777-2A6C-4A8A-8315-89D597A6F86E}.Debug|Any CPU.ActiveCfg = Debug|Any CPU
		{21F37777-2A6C-4A8A-8315-89D597A6F86E}.Debug|Any CPU.Build.0 = Debug|Any CPU
	EndGlobalSection
	GlobalSection(SolutionProperties) = preSolution
		HideSolutionNode = FALSE
	EndGlobalSection
	GlobalSection(TeamFoundationVersionControl) = preSolution
		SccNumberOfProjects = 2
		SccEnterpriseProvider = {4CA58AB2-18FA-4F8D-95D4-32DDF27D184C}
		SccTeamFoundationServer = https://tfs.codeplex.com/tfs/tfs41
		SccLocalPath0 = .
		SccWebProject1 = true
		SccProjectUniqueName1 = App_Themes
		SccProjectName1 = App_Themes
		SccLocalPath1 = App_Themes
		SccProjectEnlistmentChoice1 = 2
	EndGlobalSection
EndGlobal
